
Microsoft Visual Studio Solution File, Format Version 12.00
# Visual Studio Version 16
VisualStudioVersion = 16.0.29709.97
MinimumVisualStudioVersion = 10.0.40219.1
Project("{FAE04EC0-301F-11D3-BF4B-00C04F79EFBC}") = "tipCalculator", "tipCalculator\tipCalculator.csproj", "{177B6206-9BC6-4401-A02E-B99165A00A42}"
EndProject
Global
	GlobalSection(SolutionConfigurationPlatforms) = preSolution
		Debug|Any CPU = Debug|Any CPU
		Release|Any CPU = Release|Any CPU
	EndGlobalSection
	GlobalSection(ProjectConfigurationPlatforms) = postSolution
		{177B6206-9BC6-4401-A02E-B99165A00A42}.Debug|Any CPU.ActiveCfg = Debug|Any CPU
		{177B6206-9BC6-4401-A02E-B99165A00A42}.Debug|Any CPU.Build.0 = Debug|Any CPU
		{177B6206-9BC6-4401-A02E-B99165A00A42}.Release|Any CPU.ActiveCfg = Release|Any CPU
		{177B6206-9BC6-4401-A02E-B99165A00A42}.Release|Any CPU.Build.0 = Release|Any CPU
	EndGlobalSection
	GlobalSection(SolutionProperties) = preSolution
		HideSolutionNode = FALSE
	EndGlobalSection
	GlobalSection(ExtensibilityGlobals) = postSolution
		SolutionGuid = {F33E14AF-3F44-4585-8801-465F89784C7E}
	EndGlobalSection
EndGlobal
